
Microsoft Visual Studio Solution File, Format Version 12.00
# Visual Studio Version 16
VisualStudioVersion = 16.0.31321.278
MinimumVisualStudioVersion = 10.0.40219.1
Project("{9A19103F-16F7-4668-BE54-9A1E7A4F7556}") = "AlkemyChallenge.API", "AlkemyChallenge.API\AlkemyChallenge.API.csproj", "{62B9F13B-2471-4E3E-8407-8CA741CF3C5C}"
EndProject
Project("{9A19103F-16F7-4668-BE54-9A1E7A4F7556}") = "AlkemyChallenge.Application", "AlkemyChallenge.Application\AlkemyChallenge.Application.csproj", "{BC1FF43F-86CC-43C5-85AB-67B7DFA9050A}"
EndProject
Project("{9A19103F-16F7-4668-BE54-9A1E7A4F7556}") = "AlkemyChallenge.Domain", "AlkemyChallenge.Domain\AlkemyChallenge.Domain.csproj", "{57FB2721-DAA1-41DE-B98F-168FD0200933}"
EndProject
Project("{9A19103F-16F7-4668-BE54-9A1E7A4F7556}") = "AlkemyChallenge.AccessData", "AlkemyChallenge.AccessData\AlkemyChallenge.AccessData.csproj", "{BAAF3AA0-33FF-4A32-A4A4-D035F1962DD8}"
EndProject
Project("{FAE04EC0-301F-11D3-BF4B-00C04F79EFBC}") = "Testing", "Testing\Testing.csproj", "{5C2BFBDD-15D7-4090-A9A9-35D251AE1AC7}"
EndProject
Global
	GlobalSection(SolutionConfigurationPlatforms) = preSolution
		Debug|Any CPU = Debug|Any CPU
		Release|Any CPU = Release|Any CPU
	EndGlobalSection
	GlobalSection(ProjectConfigurationPlatforms) = postSolution
		{62B9F13B-2471-4E3E-8407-8CA741CF3C5C}.Debug|Any CPU.ActiveCfg = Debug|Any CPU
		{62B9F13B-2471-4E3E-8407-8CA741CF3C5C}.Debug|Any CPU.Build.0 = Debug|Any CPU
		{62B9F13B-2471-4E3E-8407-8CA741CF3C5C}.Release|Any CPU.ActiveCfg = Release|Any CPU
		{62B9F13B-2471-4E3E-8407-8CA741CF3C5C}.Release|Any CPU.Build.0 = Release|Any CPU
		{BC1FF43F-86CC-43C5-85AB-67B7DFA9050A}.Debug|Any CPU.ActiveCfg = Debug|Any CPU
		{BC1FF43F-86CC-43C5-85AB-67B7DFA9050A}.Debug|Any CPU.Build.0 = Debug|Any CPU
		{BC1FF43F-86CC-43C5-85AB-67B7DFA9050A}.Release|Any CPU.ActiveCfg = Release|Any CPU
		{BC1FF43F-86CC-43C5-85AB-67B7DFA9050A}.Release|Any CPU.Build.0 = Release|Any CPU
		{57FB2721-DAA1-41DE-B98F-168FD0200933}.Debug|Any CPU.ActiveCfg = Debug|Any CPU
		{57FB2721-DAA1-41DE-B98F-168FD0200933}.Debug|Any CPU.Build.0 = Debug|Any CPU
		{57FB2721-DAA1-41DE-B98F-168FD0200933}.Release|Any CPU.ActiveCfg = Release|Any CPU
		{57FB2721-DAA1-41DE-B98F-168FD0200933}.Release|Any CPU.Build.0 = Release|Any CPU
		{BAAF3AA0-33FF-4A32-A4A4-D035F1962DD8}.Debug|Any CPU.ActiveCfg = Debug|Any CPU
		{BAAF3AA0-33FF-4A32-A4A4-D035F1962DD8}.Debug|Any CPU.Build.0 = Debug|Any CPU
		{BAAF3AA0-33FF-4A32-A4A4-D035F1962DD8}.Release|Any CPU.ActiveCfg = Release|Any CPU
		{BAAF3AA0-33FF-4A32-A4A4-D035F1962DD8}.Release|Any CPU.Build.0 = Release|Any CPU
		{5C2BFBDD-15D7-4090-A9A9-35D251AE1AC7}.Debug|Any CPU.ActiveCfg = Debug|Any CPU
		{5C2BFBDD-15D7-4090-A9A9-35D251AE1AC7}.Debug|Any CPU.Build.0 = Debug|Any CPU
		{5C2BFBDD-15D7-4090-A9A9-35D251AE1AC7}.Release|Any CPU.ActiveCfg = Release|Any CPU
		{5C2BFBDD-15D7-4090-A9A9-35D251AE1AC7}.Release|Any CPU.Build.0 = Release|Any CPU
	EndGlobalSection
	GlobalSection(SolutionProperties) = preSolution
		HideSolutionNode = FALSE
	EndGlobalSection
	GlobalSection(ExtensibilityGlobals) = postSolution
		SolutionGuid = {E221E1A3-12A5-42F9-8408-E284A3C36F7E}
	EndGlobalSection
EndGlobal
